{
  "version": 4,
  "terraform_version": "1.14.3",
  "serial": 7,
  "lineage": "a8ff8678-ddd1-00e2-5b1d-d0f533ea4381",
  "outputs": {
    "key_vault": {
      "value": "rapidrmf-kv",
      "type": "string"
    },
    "log_analytics_workspace_id": {
      "value": "/subscriptions/86318f84-6dee-4c4e-8c09-1d0a2b1b6b6d/resourceGroups/kuscko-rg/providers/Microsoft.OperationalInsights/workspaces/rapidrmf-law",
      "type": "string"
    },
    "resource_group": {
      "value": "kuscko-rg",
      "type": "string"
    },
    "storage_account": {
      "value": "rapidrmfstore",
      "type": "string"
    },
    "storage_account_id": {
      "value": "/subscriptions/86318f84-6dee-4c4e-8c09-1d0a2b1b6b6d/resourceGroups/kuscko-rg/providers/Microsoft.Storage/storageAccounts/rapidrmfstore",
      "type": "string"
    },
    "storage_blob_endpoint": {
      "value": "https://rapidrmfstore.blob.core.windows.net/",
      "type": "string"
    },
    "web_app": {
      "value": "rapidrmf-web",
      "type": "string"
    }
  },
  "resources": [
    {
      "mode": "data",
      "type": "azurerm_client_config",
      "name": "current",
      "provider": "provider[\"registry.terraform.io/hashicorp/azurerm\"]",
      "instances": [
        {
          "schema_version": 0,
          "attributes": {
            "client_id": "04b07795-8ddb-461a-bbee-02f9e1bf7b46",
            "id": "Y2xpZW50Q29uZmlncy9jbGllbnRJZD0wNGIwNzc5NS04ZGRiLTQ2MWEtYmJlZS0wMmY5ZTFiZjdiNDY7b2JqZWN0SWQ9ZDI3ODZmZjctZjFjZC00NGEwLWJjZTQtMGQ0NWQwMzQ0OTNjO3N1YnNjcmlwdGlvbklkPTg2MzE4Zjg0LTZkZWUtNGM0ZS04YzA5LTFkMGEyYjFiNmI2ZDt0ZW5hbnRJZD0xODI5ODhjNS03MTBlLTQyNDMtYWIyYy1kMWZmOTYwZWU3NjY=",
            "object_id": "d2786ff7-f1cd-44a0-bce4-0d45d034493c",
            "subscription_id": "86318f84-6dee-4c4e-8c09-1d0a2b1b6b6d",
            "tenant_id": "182988c5-710e-4243-ab2c-d1ff960ee766",
            "timeouts": null
          },
          "sensitive_attributes": [],
          "identity_schema_version": 0
        }
      ]
    },
    {
      "mode": "data",
      "type": "azurerm_resource_group",
      "name": "rg",
      "provider": "provider[\"registry.terraform.io/hashicorp/azurerm\"]",
      "instances": [
        {
          "schema_version": 0,
          "attributes": {
            "id": "/subscriptions/86318f84-6dee-4c4e-8c09-1d0a2b1b6b6d/resourceGroups/kuscko-rg",
            "location": "eastus",
            "managed_by": "",
            "name": "kuscko-rg",
            "tags": {},
            "timeouts": null
          },
          "sensitive_attributes": [],
          "identity_schema_version": 0
        }
      ]
    },
    {
      "mode": "managed",
      "type": "azurerm_key_vault",
      "name": "kv",
      "provider": "provider[\"registry.terraform.io/hashicorp/azurerm\"]",
      "instances": [
        {
          "schema_version": 2,
          "attributes": {
            "access_policy": [],
            "contact": [],
            "enable_rbac_authorization": true,
            "enabled_for_deployment": false,
            "enabled_for_disk_encryption": false,
            "enabled_for_template_deployment": false,
            "id": "/subscriptions/86318f84-6dee-4c4e-8c09-1d0a2b1b6b6d/resourceGroups/kuscko-rg/providers/Microsoft.KeyVault/vaults/rapidrmf-kv",
            "location": "eastus",
            "name": "rapidrmf-kv",
            "network_acls": [
              {
                "bypass": "AzureServices",
                "default_action": "Allow",
                "ip_rules": [],
                "virtual_network_subnet_ids": []
              }
            ],
            "public_network_access_enabled": false,
            "purge_protection_enabled": true,
            "resource_group_name": "kuscko-rg",
            "sku_name": "standard",
            "soft_delete_retention_days": 90,
            "tags": {
              "env": "azure-test",
              "owner": "rapidrmf-test"
            },
            "tenant_id": "182988c5-710e-4243-ab2c-d1ff960ee766",
            "timeouts": null,
            "vault_uri": "https://rapidrmf-kv.vault.azure.net/"
          },
          "sensitive_attributes": [],
          "identity_schema_version": 0,
          "private": "eyJlMmJmYjczMC1lY2FhLTExZTYtOGY4OC0zNDM2M2JjN2M0YzAiOnsiY3JlYXRlIjoxODAwMDAwMDAwMDAwLCJkZWxldGUiOjE4MDAwMDAwMDAwMDAsInJlYWQiOjMwMDAwMDAwMDAwMCwidXBkYXRlIjoxODAwMDAwMDAwMDAwfSwic2NoZW1hX3ZlcnNpb24iOiIyIn0=",
          "dependencies": [
            "data.azurerm_client_config.current",
            "data.azurerm_resource_group.rg"
          ]
        }
      ]
    },
    {
      "mode": "managed",
      "type": "azurerm_log_analytics_workspace",
      "name": "law",
      "provider": "provider[\"registry.terraform.io/hashicorp/azurerm\"]",
      "instances": [
        {
          "schema_version": 3,
          "attributes": {
            "allow_resource_only_permissions": true,
            "cmk_for_query_forced": false,
            "daily_quota_gb": -1,
            "data_collection_rule_id": "",
            "id": "/subscriptions/86318f84-6dee-4c4e-8c09-1d0a2b1b6b6d/resourceGroups/kuscko-rg/providers/Microsoft.OperationalInsights/workspaces/rapidrmf-law",
            "identity": [],
            "immediate_data_purge_on_30_days_enabled": false,
            "internet_ingestion_enabled": true,
            "internet_query_enabled": true,
            "local_authentication_disabled": false,
            "location": "eastus",
            "name": "rapidrmf-law",
            "primary_shared_key": "H5HnaFHkpz2ztty78F2kCt2P0+jAj5dkuncwRNZGnll0RfHRn2O5sXW5TAxxqrs7L7aO91BeiX4EblbQqYczWA==",
            "reservation_capacity_in_gb_per_day": null,
            "resource_group_name": "kuscko-rg",
            "retention_in_days": 30,
            "secondary_shared_key": "5syoJ0nJfQDlEhFN1QJj48HnR6GacxFSzl5D5pkBg1QHxHgzPj/pHAKoUHL+/Z02Ky5fktiC4oEXa5AKHPK9Ig==",
            "sku": "PerGB2018",
            "tags": {
              "env": "azure-test",
              "owner": "rapidrmf-test"
            },
            "timeouts": null,
            "workspace_id": "419ac956-79a1-41d2-bcfc-68ff1c137d81"
          },
          "sensitive_attributes": [
            [
              {
                "type": "get_attr",
                "value": "primary_shared_key"
              }
            ],
            [
              {
                "type": "get_attr",
                "value": "secondary_shared_key"
              }
            ]
          ],
          "identity_schema_version": 0,
          "private": "eyJlMmJmYjczMC1lY2FhLTExZTYtOGY4OC0zNDM2M2JjN2M0YzAiOnsiY3JlYXRlIjoxODAwMDAwMDAwMDAwLCJkZWxldGUiOjE4MDAwMDAwMDAwMDAsInJlYWQiOjMwMDAwMDAwMDAwMCwidXBkYXRlIjoxODAwMDAwMDAwMDAwfSwic2NoZW1hX3ZlcnNpb24iOiIzIn0=",
          "dependencies": [
            "data.azurerm_resource_group.rg"
          ]
        }
      ]
    },
    {
      "mode": "managed",
      "type": "azurerm_storage_account",
      "name": "evidence",
      "provider": "provider[\"registry.terraform.io/hashicorp/azurerm\"]",
      "instances": [
        {
          "schema_version": 4,
          "attributes": {
            "access_tier": "Hot",
            "account_kind": "StorageV2",
            "account_replication_type": "LRS",
            "account_tier": "Standard",
            "allow_nested_items_to_be_public": false,
            "allowed_copy_scope": "",
            "azure_files_authentication": [],
            "blob_properties": [
              {
                "change_feed_enabled": false,
                "change_feed_retention_in_days": 0,
                "container_delete_retention_policy": [],
                "cors_rule": [],
                "default_service_version": "",
                "delete_retention_policy": [],
                "last_access_time_enabled": false,
                "restore_policy": [],
                "versioning_enabled": true
              }
            ],
            "cross_tenant_replication_enabled": true,
            "custom_domain": [],
            "customer_managed_key": [],
            "default_to_oauth_authentication": false,
            "dns_endpoint_type": "Standard",
            "edge_zone": "",
            "enable_https_traffic_only": true,
            "https_traffic_only_enabled": true,
            "id": "/subscriptions/86318f84-6dee-4c4e-8c09-1d0a2b1b6b6d/resourceGroups/kuscko-rg/providers/Microsoft.Storage/storageAccounts/rapidrmfstore",
            "identity": [],
            "immutability_policy": [],
            "infrastructure_encryption_enabled": false,
            "is_hns_enabled": false,
            "large_file_share_enabled": false,
            "local_user_enabled": true,
            "location": "eastus",
            "min_tls_version": "TLS1_2",
            "name": "rapidrmfstore",
            "network_rules": [
              {
                "bypass": [
                  "AzureServices"
                ],
                "default_action": "Deny",
                "ip_rules": [],
                "private_link_access": [],
                "virtual_network_subnet_ids": []
              }
            ],
            "nfsv3_enabled": false,
            "primary_access_key": "agf80liZ2HJonHIefaO/USSqUqjmjmXr+i7GRSIcCaRsi/ib5T6+m48KPCDoFenPXkP2QPVNzbwB+AStDtoG8w==",
            "primary_blob_connection_string": "DefaultEndpointsProtocol=https;BlobEndpoint=https://rapidrmfstore.blob.core.windows.net/;AccountName=rapidrmfstore;AccountKey=agf80liZ2HJonHIefaO/USSqUqjmjmXr+i7GRSIcCaRsi/ib5T6+m48KPCDoFenPXkP2QPVNzbwB+AStDtoG8w==",
            "primary_blob_endpoint": "https://rapidrmfstore.blob.core.windows.net/",
            "primary_blob_host": "rapidrmfstore.blob.core.windows.net",
            "primary_blob_internet_endpoint": "",
            "primary_blob_internet_host": "",
            "primary_blob_microsoft_endpoint": "",
            "primary_blob_microsoft_host": "",
            "primary_connection_string": "DefaultEndpointsProtocol=https;AccountName=rapidrmfstore;AccountKey=agf80liZ2HJonHIefaO/USSqUqjmjmXr+i7GRSIcCaRsi/ib5T6+m48KPCDoFenPXkP2QPVNzbwB+AStDtoG8w==;EndpointSuffix=core.windows.net",
            "primary_dfs_endpoint": "https://rapidrmfstore.dfs.core.windows.net/",
            "primary_dfs_host": "rapidrmfstore.dfs.core.windows.net",
            "primary_dfs_internet_endpoint": "",
            "primary_dfs_internet_host": "",
            "primary_dfs_microsoft_endpoint": "",
            "primary_dfs_microsoft_host": "",
            "primary_file_endpoint": "https://rapidrmfstore.file.core.windows.net/",
            "primary_file_host": "rapidrmfstore.file.core.windows.net",
            "primary_file_internet_endpoint": "",
            "primary_file_internet_host": "",
            "primary_file_microsoft_endpoint": "",
            "primary_file_microsoft_host": "",
            "primary_location": "eastus",
            "primary_queue_endpoint": "https://rapidrmfstore.queue.core.windows.net/",
            "primary_queue_host": "rapidrmfstore.queue.core.windows.net",
            "primary_queue_microsoft_endpoint": "",
            "primary_queue_microsoft_host": "",
            "primary_table_endpoint": "https://rapidrmfstore.table.core.windows.net/",
            "primary_table_host": "rapidrmfstore.table.core.windows.net",
            "primary_table_microsoft_endpoint": "",
            "primary_table_microsoft_host": "",
            "primary_web_endpoint": "https://rapidrmfstore.z13.web.core.windows.net/",
            "primary_web_host": "rapidrmfstore.z13.web.core.windows.net",
            "primary_web_internet_endpoint": "",
            "primary_web_internet_host": "",
            "primary_web_microsoft_endpoint": "",
            "primary_web_microsoft_host": "",
            "public_network_access_enabled": true,
            "queue_encryption_key_type": "Service",
            "queue_properties": [
              {
                "cors_rule": [],
                "hour_metrics": [
                  {
                    "enabled": false,
                    "include_apis": false,
                    "retention_policy_days": 0,
                    "version": "1.0"
                  }
                ],
                "logging": [
                  {
                    "delete": false,
                    "read": false,
                    "retention_policy_days": 0,
                    "version": "1.0",
                    "write": false
                  }
                ],
                "minute_metrics": [
                  {
                    "enabled": false,
                    "include_apis": false,
                    "retention_policy_days": 0,
                    "version": "1.0"
                  }
                ]
              }
            ],
            "resource_group_name": "kuscko-rg",
            "routing": [],
            "sas_policy": [],
            "secondary_access_key": "8W2E59SOQIneYarZFkJRT4o4s1Ng8BOBwYRTdzMWW6JiDrwuWIr6+IzCQvqskO75AhwOgD9ulGg7+AStXb8URg==",
            "secondary_blob_connection_string": "",
            "secondary_blob_endpoint": "",
            "secondary_blob_host": "",
            "secondary_blob_internet_endpoint": "",
            "secondary_blob_internet_host": "",
            "secondary_blob_microsoft_endpoint": "",
            "secondary_blob_microsoft_host": "",
            "secondary_connection_string": "DefaultEndpointsProtocol=https;AccountName=rapidrmfstore;AccountKey=8W2E59SOQIneYarZFkJRT4o4s1Ng8BOBwYRTdzMWW6JiDrwuWIr6+IzCQvqskO75AhwOgD9ulGg7+AStXb8URg==;EndpointSuffix=core.windows.net",
            "secondary_dfs_endpoint": "",
            "secondary_dfs_host": "",
            "secondary_dfs_internet_endpoint": "",
            "secondary_dfs_internet_host": "",
            "secondary_dfs_microsoft_endpoint": "",
            "secondary_dfs_microsoft_host": "",
            "secondary_file_endpoint": "",
            "secondary_file_host": "",
            "secondary_file_internet_endpoint": "",
            "secondary_file_internet_host": "",
            "secondary_file_microsoft_endpoint": "",
            "secondary_file_microsoft_host": "",
            "secondary_location": "",
            "secondary_queue_endpoint": "",
            "secondary_queue_host": "",
            "secondary_queue_microsoft_endpoint": "",
            "secondary_queue_microsoft_host": "",
            "secondary_table_endpoint": "",
            "secondary_table_host": "",
            "secondary_table_microsoft_endpoint": "",
            "secondary_table_microsoft_host": "",
            "secondary_web_endpoint": "",
            "secondary_web_host": "",
            "secondary_web_internet_endpoint": "",
            "secondary_web_internet_host": "",
            "secondary_web_microsoft_endpoint": "",
            "secondary_web_microsoft_host": "",
            "sftp_enabled": false,
            "share_properties": [
              {
                "cors_rule": [],
                "retention_policy": [
                  {
                    "days": 7
                  }
                ],
                "smb": []
              }
            ],
            "shared_access_key_enabled": true,
            "static_website": [],
            "table_encryption_key_type": "Service",
            "tags": {
              "env": "azure-test",
              "owner": "rapidrmf-test"
            },
            "timeouts": null
          },
          "sensitive_attributes": [
            [
              {
                "type": "get_attr",
                "value": "primary_access_key"
              }
            ],
            [
              {
                "type": "get_attr",
                "value": "primary_blob_connection_string"
              }
            ],
            [
              {
                "type": "get_attr",
                "value": "primary_connection_string"
              }
            ],
            [
              {
                "type": "get_attr",
                "value": "secondary_access_key"
              }
            ],
            [
              {
                "type": "get_attr",
                "value": "secondary_blob_connection_string"
              }
            ],
            [
              {
                "type": "get_attr",
                "value": "secondary_connection_string"
              }
            ]
          ],
          "identity_schema_version": 0,
          "private": "eyJlMmJmYjczMC1lY2FhLTExZTYtOGY4OC0zNDM2M2JjN2M0YzAiOnsiY3JlYXRlIjozNjAwMDAwMDAwMDAwLCJkZWxldGUiOjM2MDAwMDAwMDAwMDAsInJlYWQiOjMwMDAwMDAwMDAwMCwidXBkYXRlIjozNjAwMDAwMDAwMDAwfSwic2NoZW1hX3ZlcnNpb24iOiI0In0=",
          "dependencies": [
            "data.azurerm_resource_group.rg"
          ]
        }
      ]
    }
  ],
  "check_results": null
}
